{
    "version": 3,
    "terraform_version": "0.11.11",
    "serial": 14,
    "lineage": "1c66ebc9-b2f1-ffec-d98a-345262b6aee5",
    "modules": [
        {
            "path": [
                "root"
            ],
            "outputs": {
                "ip_addy": {
                    "sensitive": false,
                    "type": "list",
                    "value": [
                        "ec2-54-174-131-119.compute-1.amazonaws.com"
                    ]
                }
            },
            "resources": {
                "aws_instance.example": {
                    "type": "aws_instance",
                    "depends_on": [],
                    "primary": {
                        "id": "i-0bc797d80a8759964",
                        "attributes": {
                            "ami": "ami-035be7bafff33b6b6",
                            "arn": "arn:aws:ec2:us-east-1:079102295885:instance/i-0bc797d80a8759964",
                            "associate_public_ip_address": "true",
                            "availability_zone": "us-east-1b",
                            "cpu_core_count": "1",
                            "cpu_threads_per_core": "1",
                            "credit_specification.#": "1",
                            "credit_specification.0.cpu_credits": "standard",
                            "disable_api_termination": "false",
                            "ebs_block_device.#": "0",
                            "ebs_optimized": "false",
                            "ephemeral_block_device.#": "0",
                            "get_password_data": "false",
                            "iam_instance_profile": "",
                            "id": "i-0bc797d80a8759964",
                            "instance_state": "running",
                            "instance_type": "t1.micro",
                            "ipv6_addresses.#": "0",
                            "key_name": "freshly",
                            "monitoring": "false",
                            "network_interface.#": "0",
                            "network_interface_id": "eni-0d7066c9b7ae18e23",
                            "password_data": "",
                            "placement_group": "",
                            "primary_network_interface_id": "eni-0d7066c9b7ae18e23",
                            "private_dns": "ip-172-31-46-179.ec2.internal",
                            "private_ip": "172.31.46.179",
                            "public_dns": "ec2-54-174-131-119.compute-1.amazonaws.com",
                            "public_ip": "54.174.131.119",
                            "root_block_device.#": "1",
                            "root_block_device.0.delete_on_termination": "true",
                            "root_block_device.0.iops": "100",
                            "root_block_device.0.volume_id": "vol-0371260e5f52d4bb3",
                            "root_block_device.0.volume_size": "8",
                            "root_block_device.0.volume_type": "gp2",
                            "security_groups.#": "1",
                            "security_groups.3814588639": "default",
                            "source_dest_check": "true",
                            "subnet_id": "subnet-2080997d",
                            "tags.%": "0",
                            "tenancy": "default",
                            "user_data": "ff75dd07c1eae7125056ac4c6ce239674a75d9ed",
                            "volume_tags.%": "0",
                            "vpc_security_group_ids.#": "1",
                            "vpc_security_group_ids.1905290544": "sg-f2f06cbb"
                        },
                        "meta": {
                            "e2bfb730-ecaa-11e6-8f88-34363bc7c4c0": {
                                "create": 600000000000,
                                "delete": 1200000000000,
                                "update": 600000000000
                            },
                            "schema_version": "1"
                        },
                        "tainted": false
                    },
                    "deposed": [],
                    "provider": "provider.aws"
                },
                "aws_key_pair.freshly": {
                    "type": "aws_key_pair",
                    "depends_on": [],
                    "primary": {
                        "id": "freshly",
                        "attributes": {
                            "fingerprint": "3e:82:23:d3:d7:dd:5e:fc:a9:dd:80:00:f8:c6:3f:d8",
                            "id": "freshly",
                            "key_name": "freshly",
                            "public_key": "ssh-rsa AAAAB3NzaC1yc2EAAAADAQABAAABAQDKtoh3+IeDavWgUatmgLtrXrdOunMUJwEIhHzwYtygCFtZGFchuFLaAK3qeS5M1FQlmaVZoY62HI6PZ+7so1uwD85alsPCopmUqJj09FTJK/2wESfdcWGD9c9fZqoeEOcV0UkuvUX/GW6CaPQ8DZQ5vPazNm+uId0KTlsu9Qu75KCI0WSCYPOGCUASOrsh4qvySAYHOygYoFf5bywCnBxwS0zU/vUBlNV+tOlIfl1AZ0NQ0DsY4rwSBzcgafsOCMeKeKb03ANogGGi3hb3s4VD2khmou0vYm4QrdS9LME64uCnJt2//Yld0ouIs3gyCsiAAR7e2qcTyuxCgtvXx82h macbookpro@freshlys-MacBook-Pro.local"
                        },
                        "meta": {
                            "schema_version": "1"
                        },
                        "tainted": false
                    },
                    "deposed": [],
                    "provider": "provider.aws"
                }
            },
            "depends_on": []
        }
    ]
}
